
Microsoft Visual Studio Solution File, Format Version 12.00
# Visual Studio 15
VisualStudioVersion = 15.0.28307.168
MinimumVisualStudioVersion = 10.0.40219.1
Project("{FAE04EC0-301F-11D3-BF4B-00C04F79EFBC}") = "BMCarStore", "BMCarStore\BMCarStore.csproj", "{0483D990-DBB7-49DC-B8A7-E5E49C66E9B3}"
EndProject
Global
	GlobalSection(SolutionConfigurationPlatforms) = preSolution
		Debug|Any CPU = Debug|Any CPU
		Release|Any CPU = Release|Any CPU
	EndGlobalSection
	GlobalSection(ProjectConfigurationPlatforms) = postSolution
		{0483D990-DBB7-49DC-B8A7-E5E49C66E9B3}.Debug|Any CPU.ActiveCfg = Debug|Any CPU
		{0483D990-DBB7-49DC-B8A7-E5E49C66E9B3}.Debug|Any CPU.Build.0 = Debug|Any CPU
		{0483D990-DBB7-49DC-B8A7-E5E49C66E9B3}.Release|Any CPU.ActiveCfg = Release|Any CPU
		{0483D990-DBB7-49DC-B8A7-E5E49C66E9B3}.Release|Any CPU.Build.0 = Release|Any CPU
	EndGlobalSection
	GlobalSection(SolutionProperties) = preSolution
		HideSolutionNode = FALSE
	EndGlobalSection
	GlobalSection(ExtensibilityGlobals) = postSolution
		SolutionGuid = {EC306272-0DF9-4973-8F45-E32D2C452C34}
	EndGlobalSection
EndGlobal
